
Microsoft Visual Studio Solution File, Format Version 12.00
# Visual Studio 14
VisualStudioVersion = 14.0.25420.1
MinimumVisualStudioVersion = 10.0.40219.1
Project("{FAE04EC0-301F-11D3-BF4B-00C04F79EFBC}") = "EasyLayout.Droid", "EasyLayout.Droid\EasyLayout.Droid.csproj", "{9E297566-742D-4336-B180-94D390DBF684}"
EndProject
Project("{2150E333-8FDC-42A3-9474-1A3956D46DE8}") = "Solution Items", "Solution Items", "{2D25953B-D06F-4696-A83F-BE6C9BAB88E8}"
	ProjectSection(SolutionItems) = preProject
		EasyLayout.Droid\EasyLayout.Droid.nuspec = EasyLayout.Droid\EasyLayout.Droid.nuspec
		README.md = README.md
	EndProjectSection
EndProject
Project("{FAE04EC0-301F-11D3-BF4B-00C04F79EFBC}") = "EasyLayout.Droid.Sample", "EasyLayout.Droid.Sample\EasyLayout.Droid.Sample.csproj", "{08D67796-7053-4B89-A714-AFF1025B11A5}"
EndProject
Global
	GlobalSection(SolutionConfigurationPlatforms) = preSolution
		Debug|Any CPU = Debug|Any CPU
		Release|Any CPU = Release|Any CPU
	EndGlobalSection
	GlobalSection(ProjectConfigurationPlatforms) = postSolution
		{9E297566-742D-4336-B180-94D390DBF684}.Debug|Any CPU.ActiveCfg = Debug|Any CPU
		{9E297566-742D-4336-B180-94D390DBF684}.Debug|Any CPU.Build.0 = Debug|Any CPU
		{9E297566-742D-4336-B180-94D390DBF684}.Release|Any CPU.ActiveCfg = Release|Any CPU
		{9E297566-742D-4336-B180-94D390DBF684}.Release|Any CPU.Build.0 = Release|Any CPU
		{08D67796-7053-4B89-A714-AFF1025B11A5}.Debug|Any CPU.ActiveCfg = Debug|Any CPU
		{08D67796-7053-4B89-A714-AFF1025B11A5}.Debug|Any CPU.Build.0 = Debug|Any CPU
		{08D67796-7053-4B89-A714-AFF1025B11A5}.Debug|Any CPU.Deploy.0 = Debug|Any CPU
		{08D67796-7053-4B89-A714-AFF1025B11A5}.Release|Any CPU.ActiveCfg = Release|Any CPU
		{08D67796-7053-4B89-A714-AFF1025B11A5}.Release|Any CPU.Build.0 = Release|Any CPU
		{08D67796-7053-4B89-A714-AFF1025B11A5}.Release|Any CPU.Deploy.0 = Release|Any CPU
	EndGlobalSection
	GlobalSection(SolutionProperties) = preSolution
		HideSolutionNode = FALSE
	EndGlobalSection
EndGlobal
